
Microsoft Visual Studio Solution File, Format Version 12.00
# Visual Studio Version 16
VisualStudioVersion = 16.0.31005.135
MinimumVisualStudioVersion = 10.0.40219.1
Project("{9A19103F-16F7-4668-BE54-9A1E7A4F7556}") = "Mata007.QueryFunctions", "src\Mata007.QueryFunctions\Mata007.QueryFunctions.csproj", "{5F5E72C5-1846-4C89-BF13-36DB7E26D433}"
EndProject
Project("{9A19103F-16F7-4668-BE54-9A1E7A4F7556}") = "Mata007.QueryFunctions.OData", "src\Mata007.QueryFunctions.OData\Mata007.QueryFunctions.OData.csproj", "{C5B6CBD3-BE46-410D-A724-9BE7672F785E}"
EndProject
Project("{9A19103F-16F7-4668-BE54-9A1E7A4F7556}") = "Mata007.QueryFunctions.SqlServer", "src\Mata007.QueryFunctions.SqlServer\Mata007.QueryFunctions.SqlServer.csproj", "{5A8EA6D9-E0BE-4EFE-A35D-B8ECD066ABAC}"
EndProject
Project("{9A19103F-16F7-4668-BE54-9A1E7A4F7556}") = "Mata007.QueryFunctions.OData.Client", "src\Mata007.QueryFunctions.OData.Client\Mata007.QueryFunctions.OData.Client.csproj", "{74A1C5BA-0F8D-48BD-87AC-0F55A2F8DD52}"
EndProject
Project("{2150E333-8FDC-42A3-9474-1A3956D46DE8}") = "test", "test", "{505A62CD-7B34-47FD-9093-DE913910B193}"
EndProject
Project("{2150E333-8FDC-42A3-9474-1A3956D46DE8}") = "Shared", "Shared", "{BA373971-81F2-4639-8EFF-5CAEA0825B97}"
EndProject
Project("{9A19103F-16F7-4668-BE54-9A1E7A4F7556}") = "Test.Shared.TestDto", "test\Shared\Test.Shared.TestDto\Test.Shared.TestDto.csproj", "{B3D080A9-8B49-46CF-9B4C-F59497B550AE}"
EndProject
Project("{9A19103F-16F7-4668-BE54-9A1E7A4F7556}") = "Test.Shared.TestData", "test\Shared\Test.Shared.TestData\Test.Shared.TestData.csproj", "{CB9CB41A-3BF0-4568-B78E-9C4E629A4630}"
EndProject
Project("{9A19103F-16F7-4668-BE54-9A1E7A4F7556}") = "Test.Shared.ODataPangramsServer", "test\Shared\Test.Shared.ODataPangramsServer\Test.Shared.ODataPangramsServer.csproj", "{646B861E-B6EF-481E-9FF4-EC7A7DD69C75}"
EndProject
Project("{9A19103F-16F7-4668-BE54-9A1E7A4F7556}") = "Test.Mata007.QueryFunctions", "test\Test.Mata007.QueryFunctions\Test.Mata007.QueryFunctions.csproj", "{01BC4566-C05E-4B93-8A78-B298CF8E4BBE}"
EndProject
Project("{9A19103F-16F7-4668-BE54-9A1E7A4F7556}") = "Test.Mata007.QueryFunctions.OData", "test\Test.Mata007.QueryFunctions.OData\Test.Mata007.QueryFunctions.OData.csproj", "{16D04C4E-8902-4022-B992-4C81EDE190EE}"
EndProject
Global
	GlobalSection(SolutionConfigurationPlatforms) = preSolution
		Debug|Any CPU = Debug|Any CPU
		Release|Any CPU = Release|Any CPU
	EndGlobalSection
	GlobalSection(ProjectConfigurationPlatforms) = postSolution
		{5F5E72C5-1846-4C89-BF13-36DB7E26D433}.Debug|Any CPU.ActiveCfg = Debug|Any CPU
		{5F5E72C5-1846-4C89-BF13-36DB7E26D433}.Debug|Any CPU.Build.0 = Debug|Any CPU
		{5F5E72C5-1846-4C89-BF13-36DB7E26D433}.Release|Any CPU.ActiveCfg = Release|Any CPU
		{5F5E72C5-1846-4C89-BF13-36DB7E26D433}.Release|Any CPU.Build.0 = Release|Any CPU
		{C5B6CBD3-BE46-410D-A724-9BE7672F785E}.Debug|Any CPU.ActiveCfg = Debug|Any CPU
		{C5B6CBD3-BE46-410D-A724-9BE7672F785E}.Debug|Any CPU.Build.0 = Debug|Any CPU
		{C5B6CBD3-BE46-410D-A724-9BE7672F785E}.Release|Any CPU.ActiveCfg = Release|Any CPU
		{C5B6CBD3-BE46-410D-A724-9BE7672F785E}.Release|Any CPU.Build.0 = Release|Any CPU
		{5A8EA6D9-E0BE-4EFE-A35D-B8ECD066ABAC}.Debug|Any CPU.ActiveCfg = Debug|Any CPU
		{5A8EA6D9-E0BE-4EFE-A35D-B8ECD066ABAC}.Debug|Any CPU.Build.0 = Debug|Any CPU
		{5A8EA6D9-E0BE-4EFE-A35D-B8ECD066ABAC}.Release|Any CPU.ActiveCfg = Release|Any CPU
		{5A8EA6D9-E0BE-4EFE-A35D-B8ECD066ABAC}.Release|Any CPU.Build.0 = Release|Any CPU
		{74A1C5BA-0F8D-48BD-87AC-0F55A2F8DD52}.Debug|Any CPU.ActiveCfg = Debug|Any CPU
		{74A1C5BA-0F8D-48BD-87AC-0F55A2F8DD52}.Debug|Any CPU.Build.0 = Debug|Any CPU
		{74A1C5BA-0F8D-48BD-87AC-0F55A2F8DD52}.Release|Any CPU.ActiveCfg = Release|Any CPU
		{74A1C5BA-0F8D-48BD-87AC-0F55A2F8DD52}.Release|Any CPU.Build.0 = Release|Any CPU
		{B3D080A9-8B49-46CF-9B4C-F59497B550AE}.Debug|Any CPU.ActiveCfg = Debug|Any CPU
		{B3D080A9-8B49-46CF-9B4C-F59497B550AE}.Debug|Any CPU.Build.0 = Debug|Any CPU
		{B3D080A9-8B49-46CF-9B4C-F59497B550AE}.Release|Any CPU.ActiveCfg = Release|Any CPU
		{B3D080A9-8B49-46CF-9B4C-F59497B550AE}.Release|Any CPU.Build.0 = Release|Any CPU
		{CB9CB41A-3BF0-4568-B78E-9C4E629A4630}.Debug|Any CPU.ActiveCfg = Debug|Any CPU
		{CB9CB41A-3BF0-4568-B78E-9C4E629A4630}.Debug|Any CPU.Build.0 = Debug|Any CPU
		{CB9CB41A-3BF0-4568-B78E-9C4E629A4630}.Release|Any CPU.ActiveCfg = Release|Any CPU
		{CB9CB41A-3BF0-4568-B78E-9C4E629A4630}.Release|Any CPU.Build.0 = Release|Any CPU
		{646B861E-B6EF-481E-9FF4-EC7A7DD69C75}.Debug|Any CPU.ActiveCfg = Debug|Any CPU
		{646B861E-B6EF-481E-9FF4-EC7A7DD69C75}.Debug|Any CPU.Build.0 = Debug|Any CPU
		{646B861E-B6EF-481E-9FF4-EC7A7DD69C75}.Release|Any CPU.ActiveCfg = Release|Any CPU
		{646B861E-B6EF-481E-9FF4-EC7A7DD69C75}.Release|Any CPU.Build.0 = Release|Any CPU
		{01BC4566-C05E-4B93-8A78-B298CF8E4BBE}.Debug|Any CPU.ActiveCfg = Debug|Any CPU
		{01BC4566-C05E-4B93-8A78-B298CF8E4BBE}.Debug|Any CPU.Build.0 = Debug|Any CPU
		{01BC4566-C05E-4B93-8A78-B298CF8E4BBE}.Release|Any CPU.ActiveCfg = Release|Any CPU
		{01BC4566-C05E-4B93-8A78-B298CF8E4BBE}.Release|Any CPU.Build.0 = Release|Any CPU
		{16D04C4E-8902-4022-B992-4C81EDE190EE}.Debug|Any CPU.ActiveCfg = Debug|Any CPU
		{16D04C4E-8902-4022-B992-4C81EDE190EE}.Debug|Any CPU.Build.0 = Debug|Any CPU
		{16D04C4E-8902-4022-B992-4C81EDE190EE}.Release|Any CPU.ActiveCfg = Release|Any CPU
		{16D04C4E-8902-4022-B992-4C81EDE190EE}.Release|Any CPU.Build.0 = Release|Any CPU
	EndGlobalSection
	GlobalSection(SolutionProperties) = preSolution
		HideSolutionNode = FALSE
	EndGlobalSection
	GlobalSection(NestedProjects) = preSolution
		{BA373971-81F2-4639-8EFF-5CAEA0825B97} = {505A62CD-7B34-47FD-9093-DE913910B193}
		{B3D080A9-8B49-46CF-9B4C-F59497B550AE} = {BA373971-81F2-4639-8EFF-5CAEA0825B97}
		{CB9CB41A-3BF0-4568-B78E-9C4E629A4630} = {BA373971-81F2-4639-8EFF-5CAEA0825B97}
		{646B861E-B6EF-481E-9FF4-EC7A7DD69C75} = {BA373971-81F2-4639-8EFF-5CAEA0825B97}
		{01BC4566-C05E-4B93-8A78-B298CF8E4BBE} = {505A62CD-7B34-47FD-9093-DE913910B193}
		{16D04C4E-8902-4022-B992-4C81EDE190EE} = {505A62CD-7B34-47FD-9093-DE913910B193}
	EndGlobalSection
	GlobalSection(ExtensibilityGlobals) = postSolution
		SolutionGuid = {F4D228EF-15C0-400F-B6B8-5C845C47AD29}
	EndGlobalSection
EndGlobal
