
Microsoft Visual Studio Solution File, Format Version 12.00
# Visual Studio Version 16
VisualStudioVersion = 16.0.31005.135
MinimumVisualStudioVersion = 10.0.40219.1
Project("{9A19103F-16F7-4668-BE54-9A1E7A4F7556}") = "Mata007.QueryFunctions", "Mata007.QueryFunctions\Mata007.QueryFunctions.csproj", "{5F5E72C5-1846-4C89-BF13-36DB7E26D433}"
EndProject
Project("{9A19103F-16F7-4668-BE54-9A1E7A4F7556}") = "Mata007.QueryFunctions.OData", "Mata007.QueryFunctions.OData\Mata007.QueryFunctions.OData.csproj", "{C5B6CBD3-BE46-410D-A724-9BE7672F785E}"
EndProject
Project("{9A19103F-16F7-4668-BE54-9A1E7A4F7556}") = "Mata007.QueryFunctions.SqlServer", "Mata007.QueryFunctions.SqlServer\Mata007.QueryFunctions.SqlServer.csproj", "{5A8EA6D9-E0BE-4EFE-A35D-B8ECD066ABAC}"
EndProject
Global
	GlobalSection(SolutionConfigurationPlatforms) = preSolution
		Debug|Any CPU = Debug|Any CPU
		Release|Any CPU = Release|Any CPU
	EndGlobalSection
	GlobalSection(ProjectConfigurationPlatforms) = postSolution
		{5F5E72C5-1846-4C89-BF13-36DB7E26D433}.Debug|Any CPU.ActiveCfg = Debug|Any CPU
		{5F5E72C5-1846-4C89-BF13-36DB7E26D433}.Debug|Any CPU.Build.0 = Debug|Any CPU
		{5F5E72C5-1846-4C89-BF13-36DB7E26D433}.Release|Any CPU.ActiveCfg = Release|Any CPU
		{5F5E72C5-1846-4C89-BF13-36DB7E26D433}.Release|Any CPU.Build.0 = Release|Any CPU
		{C5B6CBD3-BE46-410D-A724-9BE7672F785E}.Debug|Any CPU.ActiveCfg = Debug|Any CPU
		{C5B6CBD3-BE46-410D-A724-9BE7672F785E}.Debug|Any CPU.Build.0 = Debug|Any CPU
		{C5B6CBD3-BE46-410D-A724-9BE7672F785E}.Release|Any CPU.ActiveCfg = Release|Any CPU
		{C5B6CBD3-BE46-410D-A724-9BE7672F785E}.Release|Any CPU.Build.0 = Release|Any CPU
		{5A8EA6D9-E0BE-4EFE-A35D-B8ECD066ABAC}.Debug|Any CPU.ActiveCfg = Debug|Any CPU
		{5A8EA6D9-E0BE-4EFE-A35D-B8ECD066ABAC}.Debug|Any CPU.Build.0 = Debug|Any CPU
		{5A8EA6D9-E0BE-4EFE-A35D-B8ECD066ABAC}.Release|Any CPU.ActiveCfg = Release|Any CPU
		{5A8EA6D9-E0BE-4EFE-A35D-B8ECD066ABAC}.Release|Any CPU.Build.0 = Release|Any CPU
	EndGlobalSection
	GlobalSection(SolutionProperties) = preSolution
		HideSolutionNode = FALSE
	EndGlobalSection
	GlobalSection(ExtensibilityGlobals) = postSolution
		SolutionGuid = {F4D228EF-15C0-400F-B6B8-5C845C47AD29}
	EndGlobalSection
EndGlobal
